// !$*UTF8*$!
{
	archiveVersion = 1;
	classes = {
	};
	objectVersion = 51;
	objects = {

/* Begin PBXBuildFile section */
		22D039A90DB94D4ECF5590C8 /* Pods_SimpleMessagingApp.framework in Frameworks */ = {isa = PBXBuildFile; fileRef = DCB56D83FC34C8B9B1092866 /* Pods_SimpleMessagingApp.framework */; };
		2C5CBE3924835E4F009E1C78 /* UserCell.swift in Sources */ = {isa = PBXBuildFile; fileRef = 2C5CBE3724835E4F009E1C78 /* UserCell.swift */; };
		2C5CBE3A24835E4F009E1C78 /* UserCell.xib in Resources */ = {isa = PBXBuildFile; fileRef = 2C5CBE3824835E4F009E1C78 /* UserCell.xib */; };
		2C5CBE3C248365F9009E1C78 /* ChattingViewController.swift in Sources */ = {isa = PBXBuildFile; fileRef = 2C5CBE3B248365F9009E1C78 /* ChattingViewController.swift */; };
		2C5CBE4224837431009E1C78 /* MessageCell.swift in Sources */ = {isa = PBXBuildFile; fileRef = 2C5CBE4124837431009E1C78 /* MessageCell.swift */; };
		2C6584BB2482124C00CA6283 /* AppDelegate.swift in Sources */ = {isa = PBXBuildFile; fileRef = 2C6584BA2482124C00CA6283 /* AppDelegate.swift */; };
		2C6584BD2482124C00CA6283 /* SceneDelegate.swift in Sources */ = {isa = PBXBuildFile; fileRef = 2C6584BC2482124C00CA6283 /* SceneDelegate.swift */; };
		2C6584BF2482124C00CA6283 /* SignUpViewController.swift in Sources */ = {isa = PBXBuildFile; fileRef = 2C6584BE2482124C00CA6283 /* SignUpViewController.swift */; };
		2C6584C22482124C00CA6283 /* Main.storyboard in Resources */ = {isa = PBXBuildFile; fileRef = 2C6584C02482124C00CA6283 /* Main.storyboard */; };
		2C6584C42482124E00CA6283 /* Assets.xcassets in Resources */ = {isa = PBXBuildFile; fileRef = 2C6584C32482124E00CA6283 /* Assets.xcassets */; };
		2C6584C72482124E00CA6283 /* LaunchScreen.storyboard in Resources */ = {isa = PBXBuildFile; fileRef = 2C6584C52482124E00CA6283 /* LaunchScreen.storyboard */; };
		2C6584D9248213DC00CA6283 /* DesignableView.swift in Sources */ = {isa = PBXBuildFile; fileRef = 2C6584D3248213DB00CA6283 /* DesignableView.swift */; };
		2C6584DA248213DC00CA6283 /* DesignableLetterSpacing.swift in Sources */ = {isa = PBXBuildFile; fileRef = 2C6584D4248213DB00CA6283 /* DesignableLetterSpacing.swift */; };
		2C6584DB248213DC00CA6283 /* DesignableButton.swift in Sources */ = {isa = PBXBuildFile; fileRef = 2C6584D5248213DC00CA6283 /* DesignableButton.swift */; };
		2C6584DC248213DC00CA6283 /* DesignableTextField.swift in Sources */ = {isa = PBXBuildFile; fileRef = 2C6584D6248213DC00CA6283 /* DesignableTextField.swift */; };
		2C6584DD248213DC00CA6283 /* DesignableTextView.swift in Sources */ = {isa = PBXBuildFile; fileRef = 2C6584D7248213DC00CA6283 /* DesignableTextView.swift */; };
		2C6584DE248213DC00CA6283 /* DesignableImageView.swift in Sources */ = {isa = PBXBuildFile; fileRef = 2C6584D8248213DC00CA6283 /* DesignableImageView.swift */; };
		2C6584E12482140D00CA6283 /* CustomNavigationController.swift in Sources */ = {isa = PBXBuildFile; fileRef = 2C6584E02482140C00CA6283 /* CustomNavigationController.swift */; };
		2C6584E32482196F00CA6283 /* SignInViewController.swift in Sources */ = {isa = PBXBuildFile; fileRef = 2C6584E22482196F00CA6283 /* SignInViewController.swift */; };
		2C6584E52482199700CA6283 /* ResetPasswordViewController.swift in Sources */ = {isa = PBXBuildFile; fileRef = 2C6584E42482199700CA6283 /* ResetPasswordViewController.swift */; };
		2C6584E724821D6100CA6283 /* ErrorMessages.swift in Sources */ = {isa = PBXBuildFile; fileRef = 2C6584E624821D6100CA6283 /* ErrorMessages.swift */; };
		2C6584E924821D6900CA6283 /* RegExManager.swift in Sources */ = {isa = PBXBuildFile; fileRef = 2C6584E824821D6900CA6283 /* RegExManager.swift */; };
		2C6584EB24821D7600CA6283 /* UserDefaultManager.swift in Sources */ = {isa = PBXBuildFile; fileRef = 2C6584EA24821D7600CA6283 /* UserDefaultManager.swift */; };
		2C6584ED24821D7C00CA6283 /* TextFieldHelper.swift in Sources */ = {isa = PBXBuildFile; fileRef = 2C6584EC24821D7C00CA6283 /* TextFieldHelper.swift */; };
		2C65850724821DB300CA6283 /* IQTextView.swift in Sources */ = {isa = PBXBuildFile; fileRef = 2C6584F124821DB300CA6283 /* IQTextView.swift */; };
		2C65850824821DB300CA6283 /* IQPreviousNextView.swift in Sources */ = {isa = PBXBuildFile; fileRef = 2C6584F324821DB300CA6283 /* IQPreviousNextView.swift */; };
		2C65850924821DB300CA6283 /* IQTitleBarButtonItem.swift in Sources */ = {isa = PBXBuildFile; fileRef = 2C6584F424821DB300CA6283 /* IQTitleBarButtonItem.swift */; };
		2C65850A24821DB300CA6283 /* IQBarButtonItem.swift in Sources */ = {isa = PBXBuildFile; fileRef = 2C6584F524821DB300CA6283 /* IQBarButtonItem.swift */; };
		2C65850B24821DB300CA6283 /* IQToolbar.swift in Sources */ = {isa = PBXBuildFile; fileRef = 2C6584F624821DB300CA6283 /* IQToolbar.swift */; };
		2C65850C24821DB300CA6283 /* IQUIView+IQKeyboardToolbar.swift in Sources */ = {isa = PBXBuildFile; fileRef = 2C6584F724821DB300CA6283 /* IQUIView+IQKeyboardToolbar.swift */; };
		2C65850D24821DB300CA6283 /* IQInvocation.swift in Sources */ = {isa = PBXBuildFile; fileRef = 2C6584F824821DB300CA6283 /* IQInvocation.swift */; };
		2C65850E24821DB300CA6283 /* IQKeyboardManagerConstantsInternal.swift in Sources */ = {isa = PBXBuildFile; fileRef = 2C6584FA24821DB300CA6283 /* IQKeyboardManagerConstantsInternal.swift */; };
		2C65850F24821DB300CA6283 /* IQKeyboardManagerConstants.swift in Sources */ = {isa = PBXBuildFile; fileRef = 2C6584FB24821DB300CA6283 /* IQKeyboardManagerConstants.swift */; };
		2C65851024821DB300CA6283 /* IQKeyboardManagerSwift.xcassets in Resources */ = {isa = PBXBuildFile; fileRef = 2C6584FD24821DB300CA6283 /* IQKeyboardManagerSwift.xcassets */; };
		2C65851124821DB300CA6283 /* IQKeyboardReturnKeyHandler.swift in Sources */ = {isa = PBXBuildFile; fileRef = 2C6584FE24821DB300CA6283 /* IQKeyboardReturnKeyHandler.swift */; };
		2C65851224821DB300CA6283 /* IQKeyboardManager.swift in Sources */ = {isa = PBXBuildFile; fileRef = 2C6584FF24821DB300CA6283 /* IQKeyboardManager.swift */; };
		2C65851324821DB300CA6283 /* IQUIScrollView+Additions.swift in Sources */ = {isa = PBXBuildFile; fileRef = 2C65850224821DB300CA6283 /* IQUIScrollView+Additions.swift */; };
		2C65851424821DB300CA6283 /* IQUIViewController+Additions.swift in Sources */ = {isa = PBXBuildFile; fileRef = 2C65850324821DB300CA6283 /* IQUIViewController+Additions.swift */; };
		2C65851524821DB300CA6283 /* IQUITextFieldView+Additions.swift in Sources */ = {isa = PBXBuildFile; fileRef = 2C65850424821DB300CA6283 /* IQUITextFieldView+Additions.swift */; };
		2C65851624821DB300CA6283 /* IQUIView+Hierarchy.swift in Sources */ = {isa = PBXBuildFile; fileRef = 2C65850524821DB300CA6283 /* IQUIView+Hierarchy.swift */; };
		2C65851724821DB300CA6283 /* IQNSArray+Sort.swift in Sources */ = {isa = PBXBuildFile; fileRef = 2C65850624821DB300CA6283 /* IQNSArray+Sort.swift */; };
		2C65851A248224FE00CA6283 /* RootTabBarController.swift in Sources */ = {isa = PBXBuildFile; fileRef = 2C658519248224FE00CA6283 /* RootTabBarController.swift */; };
		2C65851C2482268B00CA6283 /* GoogleService-Info.plist in Resources */ = {isa = PBXBuildFile; fileRef = 2C65851B2482268B00CA6283 /* GoogleService-Info.plist */; };
		2CDB2BC824828FF700266DA4 /* Extension.swift in Sources */ = {isa = PBXBuildFile; fileRef = 2CDB2BC724828FF700266DA4 /* Extension.swift */; };
		2CDB2BCB2482925200266DA4 /* UserDataModel.swift in Sources */ = {isa = PBXBuildFile; fileRef = 2CDB2BCA2482925200266DA4 /* UserDataModel.swift */; };
		2CDB2BCD248293DC00266DA4 /* UserDataManager.swift in Sources */ = {isa = PBXBuildFile; fileRef = 2CDB2BCC248293DC00266DA4 /* UserDataManager.swift */; };
		2CDB2BCF24829DA100266DA4 /* ChatUserViewController.swift in Sources */ = {isa = PBXBuildFile; fileRef = 2CDB2BCE24829DA100266DA4 /* ChatUserViewController.swift */; };
		2CDB2BD124829DE500266DA4 /* ProfileViewController.swift in Sources */ = {isa = PBXBuildFile; fileRef = 2CDB2BD024829DE500266DA4 /* ProfileViewController.swift */; };
		2CDB2BD324829E4A00266DA4 /* UpdateProfileViewController.swift in Sources */ = {isa = PBXBuildFile; fileRef = 2CDB2BD224829E4A00266DA4 /* UpdateProfileViewController.swift */; };
		2CDB2BD52482A06E00266DA4 /* DataConvertion.swift in Sources */ = {isa = PBXBuildFile; fileRef = 2CDB2BD42482A06E00266DA4 /* DataConvertion.swift */; };
/* End PBXBuildFile section */

/* Begin PBXFileReference section */
		2C5CBE3724835E4F009E1C78 /* UserCell.swift */ = {isa = PBXFileReference; lastKnownFileType = sourcecode.swift; path = UserCell.swift; sourceTree = "<group>"; };
		2C5CBE3824835E4F009E1C78 /* UserCell.xib */ = {isa = PBXFileReference; lastKnownFileType = file.xib; path = UserCell.xib; sourceTree = "<group>"; };
		2C5CBE3B248365F9009E1C78 /* ChattingViewController.swift */ = {isa = PBXFileReference; lastKnownFileType = sourcecode.swift; path = ChattingViewController.swift; sourceTree = "<group>"; };
		2C5CBE4124837431009E1C78 /* MessageCell.swift */ = {isa = PBXFileReference; lastKnownFileType = sourcecode.swift; path = MessageCell.swift; sourceTree = "<group>"; };
		2C6584B72482124C00CA6283 /* SimpleMessagingApp.app */ = {isa = PBXFileReference; explicitFileType = wrapper.application; includeInIndex = 0; path = SimpleMessagingApp.app; sourceTree = BUILT_PRODUCTS_DIR; };
		2C6584BA2482124C00CA6283 /* AppDelegate.swift */ = {isa = PBXFileReference; lastKnownFileType = sourcecode.swift; path = AppDelegate.swift; sourceTree = "<group>"; };
		2C6584BC2482124C00CA6283 /* SceneDelegate.swift */ = {isa = PBXFileReference; lastKnownFileType = sourcecode.swift; path = SceneDelegate.swift; sourceTree = "<group>"; };
		2C6584BE2482124C00CA6283 /* SignUpViewController.swift */ = {isa = PBXFileReference; lastKnownFileType = sourcecode.swift; path = SignUpViewController.swift; sourceTree = "<group>"; };
		2C6584C12482124C00CA6283 /* Base */ = {isa = PBXFileReference; lastKnownFileType = file.storyboard; name = Base; path = Base.lproj/Main.storyboard; sourceTree = "<group>"; };
		2C6584C32482124E00CA6283 /* Assets.xcassets */ = {isa = PBXFileReference; lastKnownFileType = folder.assetcatalog; path = Assets.xcassets; sourceTree = "<group>"; };
		2C6584C62482124E00CA6283 /* Base */ = {isa = PBXFileReference; lastKnownFileType = file.storyboard; name = Base; path = Base.lproj/LaunchScreen.storyboard; sourceTree = "<group>"; };
		2C6584C82482124E00CA6283 /* Info.plist */ = {isa = PBXFileReference; lastKnownFileType = text.plist.xml; path = Info.plist; sourceTree = "<group>"; };
		2C6584D3248213DB00CA6283 /* DesignableView.swift */ = {isa = PBXFileReference; fileEncoding = 4; lastKnownFileType = sourcecode.swift; path = DesignableView.swift; sourceTree = "<group>"; };
		2C6584D4248213DB00CA6283 /* DesignableLetterSpacing.swift */ = {isa = PBXFileReference; fileEncoding = 4; lastKnownFileType = sourcecode.swift; path = DesignableLetterSpacing.swift; sourceTree = "<group>"; };
		2C6584D5248213DC00CA6283 /* DesignableButton.swift */ = {isa = PBXFileReference; fileEncoding = 4; lastKnownFileType = sourcecode.swift; path = DesignableButton.swift; sourceTree = "<group>"; };
		2C6584D6248213DC00CA6283 /* DesignableTextField.swift */ = {isa = PBXFileReference; fileEncoding = 4; lastKnownFileType = sourcecode.swift; path = DesignableTextField.swift; sourceTree = "<group>"; };
		2C6584D7248213DC00CA6283 /* DesignableTextView.swift */ = {isa = PBXFileReference; fileEncoding = 4; lastKnownFileType = sourcecode.swift; path = DesignableTextView.swift; sourceTree = "<group>"; };
		2C6584D8248213DC00CA6283 /* DesignableImageView.swift */ = {isa = PBXFileReference; fileEncoding = 4; lastKnownFileType = sourcecode.swift; path = DesignableImageView.swift; sourceTree = "<group>"; };
		2C6584E02482140C00CA6283 /* CustomNavigationController.swift */ = {isa = PBXFileReference; fileEncoding = 4; lastKnownFileType = sourcecode.swift; path = CustomNavigationController.swift; sourceTree = "<group>"; };
		2C6584E22482196F00CA6283 /* SignInViewController.swift */ = {isa = PBXFileReference; lastKnownFileType = sourcecode.swift; path = SignInViewController.swift; sourceTree = "<group>"; };
		2C6584E42482199700CA6283 /* ResetPasswordViewController.swift */ = {isa = PBXFileReference; lastKnownFileType = sourcecode.swift; path = ResetPasswordViewController.swift; sourceTree = "<group>"; };
		2C6584E624821D6100CA6283 /* ErrorMessages.swift */ = {isa = PBXFileReference; fileEncoding = 4; lastKnownFileType = sourcecode.swift; path = ErrorMessages.swift; sourceTree = "<group>"; };
		2C6584E824821D6900CA6283 /* RegExManager.swift */ = {isa = PBXFileReference; fileEncoding = 4; lastKnownFileType = sourcecode.swift; path = RegExManager.swift; sourceTree = "<group>"; };
		2C6584EA24821D7600CA6283 /* UserDefaultManager.swift */ = {isa = PBXFileReference; fileEncoding = 4; lastKnownFileType = sourcecode.swift; path = UserDefaultManager.swift; sourceTree = "<group>"; };
		2C6584EC24821D7C00CA6283 /* TextFieldHelper.swift */ = {isa = PBXFileReference; fileEncoding = 4; lastKnownFileType = sourcecode.swift; path = TextFieldHelper.swift; sourceTree = "<group>"; };
		2C6584F124821DB300CA6283 /* IQTextView.swift */ = {isa = PBXFileReference; fileEncoding = 4; lastKnownFileType = sourcecode.swift; path = IQTextView.swift; sourceTree = "<group>"; };
		2C6584F324821DB300CA6283 /* IQPreviousNextView.swift */ = {isa = PBXFileReference; fileEncoding = 4; lastKnownFileType = sourcecode.swift; path = IQPreviousNextView.swift; sourceTree = "<group>"; };
		2C6584F424821DB300CA6283 /* IQTitleBarButtonItem.swift */ = {isa = PBXFileReference; fileEncoding = 4; lastKnownFileType = sourcecode.swift; path = IQTitleBarButtonItem.swift; sourceTree = "<group>"; };
		2C6584F524821DB300CA6283 /* IQBarButtonItem.swift */ = {isa = PBXFileReference; fileEncoding = 4; lastKnownFileType = sourcecode.swift; path = IQBarButtonItem.swift; sourceTree = "<group>"; };
		2C6584F624821DB300CA6283 /* IQToolbar.swift */ = {isa = PBXFileReference; fileEncoding = 4; lastKnownFileType = sourcecode.swift; path = IQToolbar.swift; sourceTree = "<group>"; };
		2C6584F724821DB300CA6283 /* IQUIView+IQKeyboardToolbar.swift */ = {isa = PBXFileReference; fileEncoding = 4; lastKnownFileType = sourcecode.swift; path = "IQUIView+IQKeyboardToolbar.swift"; sourceTree = "<group>"; };
		2C6584F824821DB300CA6283 /* IQInvocation.swift */ = {isa = PBXFileReference; fileEncoding = 4; lastKnownFileType = sourcecode.swift; path = IQInvocation.swift; sourceTree = "<group>"; };
		2C6584FA24821DB300CA6283 /* IQKeyboardManagerConstantsInternal.swift */ = {isa = PBXFileReference; fileEncoding = 4; lastKnownFileType = sourcecode.swift; path = IQKeyboardManagerConstantsInternal.swift; sourceTree = "<group>"; };
		2C6584FB24821DB300CA6283 /* IQKeyboardManagerConstants.swift */ = {isa = PBXFileReference; fileEncoding = 4; lastKnownFileType = sourcecode.swift; path = IQKeyboardManagerConstants.swift; sourceTree = "<group>"; };
		2C6584FD24821DB300CA6283 /* IQKeyboardManagerSwift.xcassets */ = {isa = PBXFileReference; lastKnownFileType = folder.assetcatalog; path = IQKeyboardManagerSwift.xcassets; sourceTree = "<group>"; };
		2C6584FE24821DB300CA6283 /* IQKeyboardReturnKeyHandler.swift */ = {isa = PBXFileReference; fileEncoding = 4; lastKnownFileType = sourcecode.swift; path = IQKeyboardReturnKeyHandler.swift; sourceTree = "<group>"; };
		2C6584FF24821DB300CA6283 /* IQKeyboardManager.swift */ = {isa = PBXFileReference; fileEncoding = 4; lastKnownFileType = sourcecode.swift; path = IQKeyboardManager.swift; sourceTree = "<group>"; };
		2C65850024821DB300CA6283 /* IQKeyboardManagerSwift.h */ = {isa = PBXFileReference; fileEncoding = 4; lastKnownFileType = sourcecode.c.h; path = IQKeyboardManagerSwift.h; sourceTree = "<group>"; };
		2C65850224821DB300CA6283 /* IQUIScrollView+Additions.swift */ = {isa = PBXFileReference; fileEncoding = 4; lastKnownFileType = sourcecode.swift; path = "IQUIScrollView+Additions.swift"; sourceTree = "<group>"; };
		2C65850324821DB300CA6283 /* IQUIViewController+Additions.swift */ = {isa = PBXFileReference; fileEncoding = 4; lastKnownFileType = sourcecode.swift; path = "IQUIViewController+Additions.swift"; sourceTree = "<group>"; };
		2C65850424821DB300CA6283 /* IQUITextFieldView+Additions.swift */ = {isa = PBXFileReference; fileEncoding = 4; lastKnownFileType = sourcecode.swift; path = "IQUITextFieldView+Additions.swift"; sourceTree = "<group>"; };
		2C65850524821DB300CA6283 /* IQUIView+Hierarchy.swift */ = {isa = PBXFileReference; fileEncoding = 4; lastKnownFileType = sourcecode.swift; path = "IQUIView+Hierarchy.swift"; sourceTree = "<group>"; };
		2C65850624821DB300CA6283 /* IQNSArray+Sort.swift */ = {isa = PBXFileReference; fileEncoding = 4; lastKnownFileType = sourcecode.swift; path = "IQNSArray+Sort.swift"; sourceTree = "<group>"; };
		2C658519248224FE00CA6283 /* RootTabBarController.swift */ = {isa = PBXFileReference; lastKnownFileType = sourcecode.swift; path = RootTabBarController.swift; sourceTree = "<group>"; };
		2C65851B2482268B00CA6283 /* GoogleService-Info.plist */ = {isa = PBXFileReference; fileEncoding = 4; lastKnownFileType = text.plist.xml; path = "GoogleService-Info.plist"; sourceTree = "<group>"; };
		2CDB2BC724828FF700266DA4 /* Extension.swift */ = {isa = PBXFileReference; lastKnownFileType = sourcecode.swift; path = Extension.swift; sourceTree = "<group>"; };
		2CDB2BCA2482925200266DA4 /* UserDataModel.swift */ = {isa = PBXFileReference; lastKnownFileType = sourcecode.swift; path = UserDataModel.swift; sourceTree = "<group>"; };
		2CDB2BCC248293DC00266DA4 /* UserDataManager.swift */ = {isa = PBXFileReference; lastKnownFileType = sourcecode.swift; path = UserDataManager.swift; sourceTree = "<group>"; };
		2CDB2BCE24829DA100266DA4 /* ChatUserViewController.swift */ = {isa = PBXFileReference; lastKnownFileType = sourcecode.swift; path = ChatUserViewController.swift; sourceTree = "<group>"; };
		2CDB2BD024829DE500266DA4 /* ProfileViewController.swift */ = {isa = PBXFileReference; lastKnownFileType = sourcecode.swift; path = ProfileViewController.swift; sourceTree = "<group>"; };
		2CDB2BD224829E4A00266DA4 /* UpdateProfileViewController.swift */ = {isa = PBXFileReference; lastKnownFileType = sourcecode.swift; path = UpdateProfileViewController.swift; sourceTree = "<group>"; };
		2CDB2BD42482A06E00266DA4 /* DataConvertion.swift */ = {isa = PBXFileReference; fileEncoding = 4; lastKnownFileType = sourcecode.swift; path = DataConvertion.swift; sourceTree = "<group>"; };
		6D33B37D84A7856902089895 /* Pods-SimpleMessagingApp.debug.xcconfig */ = {isa = PBXFileReference; includeInIndex = 1; lastKnownFileType = text.xcconfig; name = "Pods-SimpleMessagingApp.debug.xcconfig"; path = "Target Support Files/Pods-SimpleMessagingApp/Pods-SimpleMessagingApp.debug.xcconfig"; sourceTree = "<group>"; };
		DCB56D83FC34C8B9B1092866 /* Pods_SimpleMessagingApp.framework */ = {isa = PBXFileReference; explicitFileType = wrapper.framework; includeInIndex = 0; path = Pods_SimpleMessagingApp.framework; sourceTree = BUILT_PRODUCTS_DIR; };
		F4B648C43931B2ABE2604273 /* Pods-SimpleMessagingApp.release.xcconfig */ = {isa = PBXFileReference; includeInIndex = 1; lastKnownFileType = text.xcconfig; name = "Pods-SimpleMessagingApp.release.xcconfig"; path = "Target Support Files/Pods-SimpleMessagingApp/Pods-SimpleMessagingApp.release.xcconfig"; sourceTree = "<group>"; };
/* End PBXFileReference section */

/* Begin PBXFrameworksBuildPhase section */
		2C6584B42482124C00CA6283 /* Frameworks */ = {
			isa = PBXFrameworksBuildPhase;
			buildActionMask = 2147483647;
			files = (
				22D039A90DB94D4ECF5590C8 /* Pods_SimpleMessagingApp.framework in Frameworks */,
			);
			runOnlyForDeploymentPostprocessing = 0;
		};
/* End PBXFrameworksBuildPhase section */

/* Begin PBXGroup section */
		2C5CBE3624835E2E009E1C78 /* Cell */ = {
			isa = PBXGroup;
			children = (
				2C5CBE3724835E4F009E1C78 /* UserCell.swift */,
				2C5CBE3824835E4F009E1C78 /* UserCell.xib */,
				2C5CBE4124837431009E1C78 /* MessageCell.swift */,
			);
			path = Cell;
			sourceTree = "<group>";
		};
		2C6584AE2482124C00CA6283 = {
			isa = PBXGroup;
			children = (
				2C6584B92482124C00CA6283 /* SimpleMessagingApp */,
				2C6584B82482124C00CA6283 /* Products */,
				C16B3A4F1BD3B19364C39328 /* Pods */,
				E4DD3419A3412A012C317595 /* Frameworks */,
			);
			sourceTree = "<group>";
		};
		2C6584B82482124C00CA6283 /* Products */ = {
			isa = PBXGroup;
			children = (
				2C6584B72482124C00CA6283 /* SimpleMessagingApp.app */,
			);
			name = Products;
			sourceTree = "<group>";
		};
		2C6584B92482124C00CA6283 /* SimpleMessagingApp */ = {
			isa = PBXGroup;
			children = (
				2C6584BA2482124C00CA6283 /* AppDelegate.swift */,
				2C6584BC2482124C00CA6283 /* SceneDelegate.swift */,
				2C6584D12482128A00CA6283 /* Model */,
				2C6584D02482128000CA6283 /* View */,
				2C6584CF2482127100CA6283 /* Controller */,
				2C6584CE2482126900CA6283 /* Helper */,
				2C6584EE24821D9600CA6283 /* PodFiles */,
				2C6584C02482124C00CA6283 /* Main.storyboard */,
				2C6584C32482124E00CA6283 /* Assets.xcassets */,
				2C6584C52482124E00CA6283 /* LaunchScreen.storyboard */,
				2C6584C82482124E00CA6283 /* Info.plist */,
				2C65851B2482268B00CA6283 /* GoogleService-Info.plist */,
			);
			path = SimpleMessagingApp;
			sourceTree = "<group>";
		};
		2C6584CE2482126900CA6283 /* Helper */ = {
			isa = PBXGroup;
			children = (
				2CDB2BD42482A06E00266DA4 /* DataConvertion.swift */,
				2C6584EC24821D7C00CA6283 /* TextFieldHelper.swift */,
				2C6584EA24821D7600CA6283 /* UserDefaultManager.swift */,
				2C6584E824821D6900CA6283 /* RegExManager.swift */,
				2C6584E624821D6100CA6283 /* ErrorMessages.swift */,
			);
			path = Helper;
			sourceTree = "<group>";
		};
		2C6584CF2482127100CA6283 /* Controller */ = {
			isa = PBXGroup;
			children = (
				2CDB2BC724828FF700266DA4 /* Extension.swift */,
				2C658518248224C700CA6283 /* TabBar */,
				2C6584DF2482140C00CA6283 /* Navigation */,
				2C6584E22482196F00CA6283 /* SignInViewController.swift */,
				2C6584BE2482124C00CA6283 /* SignUpViewController.swift */,
				2C6584E42482199700CA6283 /* ResetPasswordViewController.swift */,
			);
			path = Controller;
			sourceTree = "<group>";
		};
		2C6584D02482128000CA6283 /* View */ = {
			isa = PBXGroup;
			children = (
				2C5CBE3624835E2E009E1C78 /* Cell */,
				2C6584D2248213B800CA6283 /* Resources */,
			);
			path = View;
			sourceTree = "<group>";
		};
		2C6584D12482128A00CA6283 /* Model */ = {
			isa = PBXGroup;
			children = (
				2CDB2BC92482923C00266DA4 /* User */,
			);
			path = Model;
			sourceTree = "<group>";
		};
		2C6584D2248213B800CA6283 /* Resources */ = {
			isa = PBXGroup;
			children = (
				2C6584D5248213DC00CA6283 /* DesignableButton.swift */,
				2C6584D8248213DC00CA6283 /* DesignableImageView.swift */,
				2C6584D4248213DB00CA6283 /* DesignableLetterSpacing.swift */,
				2C6584D6248213DC00CA6283 /* DesignableTextField.swift */,
				2C6584D7248213DC00CA6283 /* DesignableTextView.swift */,
				2C6584D3248213DB00CA6283 /* DesignableView.swift */,
			);
			path = Resources;
			sourceTree = "<group>";
		};
		2C6584DF2482140C00CA6283 /* Navigation */ = {
			isa = PBXGroup;
			children = (
				2C6584E02482140C00CA6283 /* CustomNavigationController.swift */,
			);
			path = Navigation;
			sourceTree = "<group>";
		};
		2C6584EE24821D9600CA6283 /* PodFiles */ = {
			isa = PBXGroup;
			children = (
				2C6584EF24821DB300CA6283 /* IQKeyboardManagerSwift */,
			);
			path = PodFiles;
			sourceTree = "<group>";
		};
		2C6584EF24821DB300CA6283 /* IQKeyboardManagerSwift */ = {
			isa = PBXGroup;
			children = (
				2C6584F024821DB300CA6283 /* IQTextView */,
				2C6584F224821DB300CA6283 /* IQToolbar */,
				2C6584F924821DB300CA6283 /* Constants */,
				2C6584FC24821DB300CA6283 /* Resources */,
				2C6584FE24821DB300CA6283 /* IQKeyboardReturnKeyHandler.swift */,
				2C6584FF24821DB300CA6283 /* IQKeyboardManager.swift */,
				2C65850024821DB300CA6283 /* IQKeyboardManagerSwift.h */,
				2C65850124821DB300CA6283 /* Categories */,
			);
			path = IQKeyboardManagerSwift;
			sourceTree = "<group>";
		};
		2C6584F024821DB300CA6283 /* IQTextView */ = {
			isa = PBXGroup;
			children = (
				2C6584F124821DB300CA6283 /* IQTextView.swift */,
			);
			path = IQTextView;
			sourceTree = "<group>";
		};
		2C6584F224821DB300CA6283 /* IQToolbar */ = {
			isa = PBXGroup;
			children = (
				2C6584F324821DB300CA6283 /* IQPreviousNextView.swift */,
				2C6584F424821DB300CA6283 /* IQTitleBarButtonItem.swift */,
				2C6584F524821DB300CA6283 /* IQBarButtonItem.swift */,
				2C6584F624821DB300CA6283 /* IQToolbar.swift */,
				2C6584F724821DB300CA6283 /* IQUIView+IQKeyboardToolbar.swift */,
				2C6584F824821DB300CA6283 /* IQInvocation.swift */,
			);
			path = IQToolbar;
			sourceTree = "<group>";
		};
		2C6584F924821DB300CA6283 /* Constants */ = {
			isa = PBXGroup;
			children = (
				2C6584FA24821DB300CA6283 /* IQKeyboardManagerConstantsInternal.swift */,
				2C6584FB24821DB300CA6283 /* IQKeyboardManagerConstants.swift */,
			);
			path = Constants;
			sourceTree = "<group>";
		};
		2C6584FC24821DB300CA6283 /* Resources */ = {
			isa = PBXGroup;
			children = (
				2C6584FD24821DB300CA6283 /* IQKeyboardManagerSwift.xcassets */,
			);
			path = Resources;
			sourceTree = "<group>";
		};
		2C65850124821DB300CA6283 /* Categories */ = {
			isa = PBXGroup;
			children = (
				2C65850224821DB300CA6283 /* IQUIScrollView+Additions.swift */,
				2C65850324821DB300CA6283 /* IQUIViewController+Additions.swift */,
				2C65850424821DB300CA6283 /* IQUITextFieldView+Additions.swift */,
				2C65850524821DB300CA6283 /* IQUIView+Hierarchy.swift */,
				2C65850624821DB300CA6283 /* IQNSArray+Sort.swift */,
			);
			path = Categories;
			sourceTree = "<group>";
		};
		2C658518248224C700CA6283 /* TabBar */ = {
			isa = PBXGroup;
			children = (
				2C658519248224FE00CA6283 /* RootTabBarController.swift */,
				2CDB2BCE24829DA100266DA4 /* ChatUserViewController.swift */,
				2C5CBE3B248365F9009E1C78 /* ChattingViewController.swift */,
				2CDB2BD024829DE500266DA4 /* ProfileViewController.swift */,
				2CDB2BD224829E4A00266DA4 /* UpdateProfileViewController.swift */,
			);
			path = TabBar;
			sourceTree = "<group>";
		};
		2CDB2BC92482923C00266DA4 /* User */ = {
			isa = PBXGroup;
			children = (
				2CDB2BCA2482925200266DA4 /* UserDataModel.swift */,
				2CDB2BCC248293DC00266DA4 /* UserDataManager.swift */,
			);
			path = User;
			sourceTree = "<group>";
		};
		C16B3A4F1BD3B19364C39328 /* Pods */ = {
			isa = PBXGroup;
			children = (
				6D33B37D84A7856902089895 /* Pods-SimpleMessagingApp.debug.xcconfig */,
				F4B648C43931B2ABE2604273 /* Pods-SimpleMessagingApp.release.xcconfig */,
			);
			path = Pods;
			sourceTree = "<group>";
		};
		E4DD3419A3412A012C317595 /* Frameworks */ = {
			isa = PBXGroup;
			children = (
				DCB56D83FC34C8B9B1092866 /* Pods_SimpleMessagingApp.framework */,
			);
			name = Frameworks;
			sourceTree = "<group>";
		};
/* End PBXGroup section */

/* Begin PBXNativeTarget section */
		2C6584B62482124C00CA6283 /* SimpleMessagingApp */ = {
			isa = PBXNativeTarget;
			buildConfigurationList = 2C6584CB2482124E00CA6283 /* Build configuration list for PBXNativeTarget "SimpleMessagingApp" */;
			buildPhases = (
				47A6A74D9EEF18A633CBAAAB /* [CP] Check Pods Manifest.lock */,
				2C6584B32482124C00CA6283 /* Sources */,
				2C6584B42482124C00CA6283 /* Frameworks */,
				2C6584B52482124C00CA6283 /* Resources */,
				16201D7464DF9968E874027E /* [CP] Embed Pods Frameworks */,
			);
			buildRules = (
			);
			dependencies = (
			);
			name = SimpleMessagingApp;
			productName = SimpleMessagingApp;
			productReference = 2C6584B72482124C00CA6283 /* SimpleMessagingApp.app */;
			productType = "com.apple.product-type.application";
		};
/* End PBXNativeTarget section */

/* Begin PBXProject section */
		2C6584AF2482124C00CA6283 /* Project object */ = {
			isa = PBXProject;
			attributes = {
				LastSwiftUpdateCheck = 1140;
				LastUpgradeCheck = 1140;
				ORGANIZATIONNAME = "Raju Gupta";
				TargetAttributes = {
					2C6584B62482124C00CA6283 = {
						CreatedOnToolsVersion = 11.4.1;
					};
				};
			};
			buildConfigurationList = 2C6584B22482124C00CA6283 /* Build configuration list for PBXProject "SimpleMessagingApp" */;
			compatibilityVersion = "Xcode 9.3";
			developmentRegion = en;
			hasScannedForEncodings = 0;
			knownRegions = (
				en,
				Base,
			);
			mainGroup = 2C6584AE2482124C00CA6283;
			productRefGroup = 2C6584B82482124C00CA6283 /* Products */;
			projectDirPath = "";
			projectRoot = "";
			targets = (
				2C6584B62482124C00CA6283 /* SimpleMessagingApp */,
			);
		};
/* End PBXProject section */

/* Begin PBXResourcesBuildPhase section */
		2C6584B52482124C00CA6283 /* Resources */ = {
			isa = PBXResourcesBuildPhase;
			buildActionMask = 2147483647;
			files = (
				2C6584C72482124E00CA6283 /* LaunchScreen.storyboard in Resources */,
				2C6584C42482124E00CA6283 /* Assets.xcassets in Resources */,
				2C5CBE3A24835E4F009E1C78 /* UserCell.xib in Resources */,
				2C65851C2482268B00CA6283 /* GoogleService-Info.plist in Resources */,
				2C65851024821DB300CA6283 /* IQKeyboardManagerSwift.xcassets in Resources */,
				2C6584C22482124C00CA6283 /* Main.storyboard in Resources */,
			);
			runOnlyForDeploymentPostprocessing = 0;
		};
/* End PBXResourcesBuildPhase section */

/* Begin PBXShellScriptBuildPhase section */
		16201D7464DF9968E874027E /* [CP] Embed Pods Frameworks */ = {
			isa = PBXShellScriptBuildPhase;
			buildActionMask = 2147483647;
			files = (
			);
			inputFileListPaths = (
				"${PODS_ROOT}/Target Support Files/Pods-SimpleMessagingApp/Pods-SimpleMessagingApp-frameworks-${CONFIGURATION}-input-files.xcfilelist",
			);
			name = "[CP] Embed Pods Frameworks";
			outputFileListPaths = (
				"${PODS_ROOT}/Target Support Files/Pods-SimpleMessagingApp/Pods-SimpleMessagingApp-frameworks-${CONFIGURATION}-output-files.xcfilelist",
			);
			runOnlyForDeploymentPostprocessing = 0;
			shellPath = /bin/sh;
			shellScript = "\"${PODS_ROOT}/Target Support Files/Pods-SimpleMessagingApp/Pods-SimpleMessagingApp-frameworks.sh\"\n";
			showEnvVarsInLog = 0;
		};
		47A6A74D9EEF18A633CBAAAB /* [CP] Check Pods Manifest.lock */ = {
			isa = PBXShellScriptBuildPhase;
			buildActionMask = 2147483647;
			files = (
			);
			inputFileListPaths = (
			);
			inputPaths = (
				"${PODS_PODFILE_DIR_PATH}/Podfile.lock",
				"${PODS_ROOT}/Manifest.lock",
			);
			name = "[CP] Check Pods Manifest.lock";
			outputFileListPaths = (
			);
			outputPaths = (
				"$(DERIVED_FILE_DIR)/Pods-SimpleMessagingApp-checkManifestLockResult.txt",
			);
			runOnlyForDeploymentPostprocessing = 0;
			shellPath = /bin/sh;
			shellScript = "diff \"${PODS_PODFILE_DIR_PATH}/Podfile.lock\" \"${PODS_ROOT}/Manifest.lock\" > /dev/null\nif [ $? != 0 ] ; then\n    # print error to STDERR\n    echo \"error: The sandbox is not in sync with the Podfile.lock. Run 'pod install' or update your CocoaPods installation.\" >&2\n    exit 1\nfi\n# This output is used by Xcode 'outputs' to avoid re-running this script phase.\necho \"SUCCESS\" > \"${SCRIPT_OUTPUT_FILE_0}\"\n";
			showEnvVarsInLog = 0;
		};
/* End PBXShellScriptBuildPhase section */

/* Begin PBXSourcesBuildPhase section */
		2C6584B32482124C00CA6283 /* Sources */ = {
			isa = PBXSourcesBuildPhase;
			buildActionMask = 2147483647;
			files = (
				2CDB2BD324829E4A00266DA4 /* UpdateProfileViewController.swift in Sources */,
				2C65851124821DB300CA6283 /* IQKeyboardReturnKeyHandler.swift in Sources */,
				2C5CBE4224837431009E1C78 /* MessageCell.swift in Sources */,
				2C6584E32482196F00CA6283 /* SignInViewController.swift in Sources */,
				2CDB2BCB2482925200266DA4 /* UserDataModel.swift in Sources */,
				2C6584DA248213DC00CA6283 /* DesignableLetterSpacing.swift in Sources */,
				2C65850724821DB300CA6283 /* IQTextView.swift in Sources */,
				2C65851424821DB300CA6283 /* IQUIViewController+Additions.swift in Sources */,
				2C65850F24821DB300CA6283 /* IQKeyboardManagerConstants.swift in Sources */,
				2C65851324821DB300CA6283 /* IQUIScrollView+Additions.swift in Sources */,
				2C6584DD248213DC00CA6283 /* DesignableTextView.swift in Sources */,
				2C65850924821DB300CA6283 /* IQTitleBarButtonItem.swift in Sources */,
				2C6584E52482199700CA6283 /* ResetPasswordViewController.swift in Sources */,
				2C65851A248224FE00CA6283 /* RootTabBarController.swift in Sources */,
				2C6584D9248213DC00CA6283 /* DesignableView.swift in Sources */,
				2C6584BF2482124C00CA6283 /* SignUpViewController.swift in Sources */,
				2C65850C24821DB300CA6283 /* IQUIView+IQKeyboardToolbar.swift in Sources */,
				2C65850B24821DB300CA6283 /* IQToolbar.swift in Sources */,
				2C6584DC248213DC00CA6283 /* DesignableTextField.swift in Sources */,
				2C65850E24821DB300CA6283 /* IQKeyboardManagerConstantsInternal.swift in Sources */,
				2C6584E924821D6900CA6283 /* RegExManager.swift in Sources */,
				2C65851224821DB300CA6283 /* IQKeyboardManager.swift in Sources */,
				2CDB2BCD248293DC00266DA4 /* UserDataManager.swift in Sources */,
				2C65851624821DB300CA6283 /* IQUIView+Hierarchy.swift in Sources */,
				2C6584BB2482124C00CA6283 /* AppDelegate.swift in Sources */,
				2CDB2BD52482A06E00266DA4 /* DataConvertion.swift in Sources */,
				2C6584ED24821D7C00CA6283 /* TextFieldHelper.swift in Sources */,
				2C65851524821DB300CA6283 /* IQUITextFieldView+Additions.swift in Sources */,
				2C6584EB24821D7600CA6283 /* UserDefaultManager.swift in Sources */,
				2C6584E724821D6100CA6283 /* ErrorMessages.swift in Sources */,
				2C65850A24821DB300CA6283 /* IQBarButtonItem.swift in Sources */,
				2CDB2BD124829DE500266DA4 /* ProfileViewController.swift in Sources */,
				2C6584E12482140D00CA6283 /* CustomNavigationController.swift in Sources */,
				2C5CBE3924835E4F009E1C78 /* UserCell.swift in Sources */,
				2CDB2BCF24829DA100266DA4 /* ChatUserViewController.swift in Sources */,
				2CDB2BC824828FF700266DA4 /* Extension.swift in Sources */,
				2C65850D24821DB300CA6283 /* IQInvocation.swift in Sources */,
				2C5CBE3C248365F9009E1C78 /* ChattingViewController.swift in Sources */,
				2C65850824821DB300CA6283 /* IQPreviousNextView.swift in Sources */,
				2C65851724821DB300CA6283 /* IQNSArray+Sort.swift in Sources */,
				2C6584BD2482124C00CA6283 /* SceneDelegate.swift in Sources */,
				2C6584DE248213DC00CA6283 /* DesignableImageView.swift in Sources */,
				2C6584DB248213DC00CA6283 /* DesignableButton.swift in Sources */,
			);
			runOnlyForDeploymentPostprocessing = 0;
		};
/* End PBXSourcesBuildPhase section */

/* Begin PBXVariantGroup section */
		2C6584C02482124C00CA6283 /* Main.storyboard */ = {
			isa = PBXVariantGroup;
			children = (
				2C6584C12482124C00CA6283 /* Base */,
			);
			name = Main.storyboard;
			sourceTree = "<group>";
		};
		2C6584C52482124E00CA6283 /* LaunchScreen.storyboard */ = {
			isa = PBXVariantGroup;
			children = (
				2C6584C62482124E00CA6283 /* Base */,
			);
			name = LaunchScreen.storyboard;
			sourceTree = "<group>";
		};
/* End PBXVariantGroup section */

/* Begin XCBuildConfiguration section */
		2C6584C92482124E00CA6283 /* Debug */ = {
			isa = XCBuildConfiguration;
			buildSettings = {
				ALWAYS_SEARCH_USER_PATHS = NO;
				CLANG_ANALYZER_NONNULL = YES;
				CLANG_ANALYZER_NUMBER_OBJECT_CONVERSION = YES_AGGRESSIVE;
				CLANG_CXX_LANGUAGE_STANDARD = "gnu++14";
				CLANG_CXX_LIBRARY = "libc++";
				CLANG_ENABLE_MODULES = YES;
				CLANG_ENABLE_OBJC_ARC = YES;
				CLANG_ENABLE_OBJC_WEAK = YES;
				CLANG_WARN_BLOCK_CAPTURE_AUTORELEASING = YES;
				CLANG_WARN_BOOL_CONVERSION = YES;
				CLANG_WARN_COMMA = YES;
				CLANG_WARN_CONSTANT_CONVERSION = YES;
				CLANG_WARN_DEPRECATED_OBJC_IMPLEMENTATIONS = YES;
				CLANG_WARN_DIRECT_OBJC_ISA_USAGE = YES_ERROR;
				CLANG_WARN_DOCUMENTATION_COMMENTS = YES;
				CLANG_WARN_EMPTY_BODY = YES;
				CLANG_WARN_ENUM_CONVERSION = YES;
				CLANG_WARN_INFINITE_RECURSION = YES;
				CLANG_WARN_INT_CONVERSION = YES;
				CLANG_WARN_NON_LITERAL_NULL_CONVERSION = YES;
				CLANG_WARN_OBJC_IMPLICIT_RETAIN_SELF = YES;
				CLANG_WARN_OBJC_LITERAL_CONVERSION = YES;
				CLANG_WARN_OBJC_ROOT_CLASS = YES_ERROR;
				CLANG_WARN_RANGE_LOOP_ANALYSIS = YES;
				CLANG_WARN_STRICT_PROTOTYPES = YES;
				CLANG_WARN_SUSPICIOUS_MOVE = YES;
				CLANG_WARN_UNGUARDED_AVAILABILITY = YES_AGGRESSIVE;
				CLANG_WARN_UNREACHABLE_CODE = YES;
				CLANG_WARN__DUPLICATE_METHOD_MATCH = YES;
				COPY_PHASE_STRIP = NO;
				DEBUG_INFORMATION_FORMAT = dwarf;
				ENABLE_STRICT_OBJC_MSGSEND = YES;
				ENABLE_TESTABILITY = YES;
				GCC_C_LANGUAGE_STANDARD = gnu11;
				GCC_DYNAMIC_NO_PIC = NO;
				GCC_NO_COMMON_BLOCKS = YES;
				GCC_OPTIMIZATION_LEVEL = 0;
				GCC_PREPROCESSOR_DEFINITIONS = (
					"DEBUG=1",
					"$(inherited)",
				);
				GCC_WARN_64_TO_32_BIT_CONVERSION = YES;
				GCC_WARN_ABOUT_RETURN_TYPE = YES_ERROR;
				GCC_WARN_UNDECLARED_SELECTOR = YES;
				GCC_WARN_UNINITIALIZED_AUTOS = YES_AGGRESSIVE;
				GCC_WARN_UNUSED_FUNCTION = YES;
				GCC_WARN_UNUSED_VARIABLE = YES;
				IPHONEOS_DEPLOYMENT_TARGET = 13.4;
				MTL_ENABLE_DEBUG_INFO = INCLUDE_SOURCE;
				MTL_FAST_MATH = YES;
				ONLY_ACTIVE_ARCH = YES;
				SDKROOT = iphoneos;
				SWIFT_ACTIVE_COMPILATION_CONDITIONS = DEBUG;
				SWIFT_OPTIMIZATION_LEVEL = "-Onone";
			};
			name = Debug;
		};
		2C6584CA2482124E00CA6283 /* Release */ = {
			isa = XCBuildConfiguration;
			buildSettings = {
				ALWAYS_SEARCH_USER_PATHS = NO;
				CLANG_ANALYZER_NONNULL = YES;
				CLANG_ANALYZER_NUMBER_OBJECT_CONVERSION = YES_AGGRESSIVE;
				CLANG_CXX_LANGUAGE_STANDARD = "gnu++14";
				CLANG_CXX_LIBRARY = "libc++";
				CLANG_ENABLE_MODULES = YES;
				CLANG_ENABLE_OBJC_ARC = YES;
				CLANG_ENABLE_OBJC_WEAK = YES;
				CLANG_WARN_BLOCK_CAPTURE_AUTORELEASING = YES;
				CLANG_WARN_BOOL_CONVERSION = YES;
				CLANG_WARN_COMMA = YES;
				CLANG_WARN_CONSTANT_CONVERSION = YES;
				CLANG_WARN_DEPRECATED_OBJC_IMPLEMENTATIONS = YES;
				CLANG_WARN_DIRECT_OBJC_ISA_USAGE = YES_ERROR;
				CLANG_WARN_DOCUMENTATION_COMMENTS = YES;
				CLANG_WARN_EMPTY_BODY = YES;
				CLANG_WARN_ENUM_CONVERSION = YES;
				CLANG_WARN_INFINITE_RECURSION = YES;
				CLANG_WARN_INT_CONVERSION = YES;
				CLANG_WARN_NON_LITERAL_NULL_CONVERSION = YES;
				CLANG_WARN_OBJC_IMPLICIT_RETAIN_SELF = YES;
				CLANG_WARN_OBJC_LITERAL_CONVERSION = YES;
				CLANG_WARN_OBJC_ROOT_CLASS = YES_ERROR;
				CLANG_WARN_RANGE_LOOP_ANALYSIS = YES;
				CLANG_WARN_STRICT_PROTOTYPES = YES;
				CLANG_WARN_SUSPICIOUS_MOVE = YES;
				CLANG_WARN_UNGUARDED_AVAILABILITY = YES_AGGRESSIVE;
				CLANG_WARN_UNREACHABLE_CODE = YES;
				CLANG_WARN__DUPLICATE_METHOD_MATCH = YES;
				COPY_PHASE_STRIP = NO;
				DEBUG_INFORMATION_FORMAT = "dwarf-with-dsym";
				ENABLE_NS_ASSERTIONS = NO;
				ENABLE_STRICT_OBJC_MSGSEND = YES;
				GCC_C_LANGUAGE_STANDARD = gnu11;
				GCC_NO_COMMON_BLOCKS = YES;
				GCC_WARN_64_TO_32_BIT_CONVERSION = YES;
				GCC_WARN_ABOUT_RETURN_TYPE = YES_ERROR;
				GCC_WARN_UNDECLARED_SELECTOR = YES;
				GCC_WARN_UNINITIALIZED_AUTOS = YES_AGGRESSIVE;
				GCC_WARN_UNUSED_FUNCTION = YES;
				GCC_WARN_UNUSED_VARIABLE = YES;
				IPHONEOS_DEPLOYMENT_TARGET = 13.4;
				MTL_ENABLE_DEBUG_INFO = NO;
				MTL_FAST_MATH = YES;
				SDKROOT = iphoneos;
				SWIFT_COMPILATION_MODE = wholemodule;
				SWIFT_OPTIMIZATION_LEVEL = "-O";
				VALIDATE_PRODUCT = YES;
			};
			name = Release;
		};
		2C6584CC2482124E00CA6283 /* Debug */ = {
			isa = XCBuildConfiguration;
			baseConfigurationReference = 6D33B37D84A7856902089895 /* Pods-SimpleMessagingApp.debug.xcconfig */;
			buildSettings = {
				ASSETCATALOG_COMPILER_APPICON_NAME = AppIcon;
				CODE_SIGN_STYLE = Automatic;
				DEVELOPMENT_TEAM = 8XTJ9C5U8R;
				INFOPLIST_FILE = SimpleMessagingApp/Info.plist;
				LD_RUNPATH_SEARCH_PATHS = (
					"$(inherited)",
					"@executable_path/Frameworks",
				);
				PRODUCT_BUNDLE_IDENTIFIER = com.app.SimpleMessagingApp;
				PRODUCT_NAME = "$(TARGET_NAME)";
				SWIFT_VERSION = 5.0;
				TARGETED_DEVICE_FAMILY = 1;
			};
			name = Debug;
		};
		2C6584CD2482124E00CA6283 /* Release */ = {
			isa = XCBuildConfiguration;
			baseConfigurationReference = F4B648C43931B2ABE2604273 /* Pods-SimpleMessagingApp.release.xcconfig */;
			buildSettings = {
				ASSETCATALOG_COMPILER_APPICON_NAME = AppIcon;
				CODE_SIGN_STYLE = Automatic;
				DEVELOPMENT_TEAM = 8XTJ9C5U8R;
				INFOPLIST_FILE = SimpleMessagingApp/Info.plist;
				LD_RUNPATH_SEARCH_PATHS = (
					"$(inherited)",
					"@executable_path/Frameworks",
				);
				PRODUCT_BUNDLE_IDENTIFIER = com.app.SimpleMessagingApp;
				PRODUCT_NAME = "$(TARGET_NAME)";
				SWIFT_VERSION = 5.0;
				TARGETED_DEVICE_FAMILY = 1;
			};
			name = Release;
		};
/* End XCBuildConfiguration section */

/* Begin XCConfigurationList section */
		2C6584B22482124C00CA6283 /* Build configuration list for PBXProject "SimpleMessagingApp" */ = {
			isa = XCConfigurationList;
			buildConfigurations = (
				2C6584C92482124E00CA6283 /* Debug */,
				2C6584CA2482124E00CA6283 /* Release */,
			);
			defaultConfigurationIsVisible = 0;
			defaultConfigurationName = Release;
		};
		2C6584CB2482124E00CA6283 /* Build configuration list for PBXNativeTarget "SimpleMessagingApp" */ = {
			isa = XCConfigurationList;
			buildConfigurations = (
				2C6584CC2482124E00CA6283 /* Debug */,
				2C6584CD2482124E00CA6283 /* Release */,
			);
			defaultConfigurationIsVisible = 0;
			defaultConfigurationName = Release;
		};
/* End XCConfigurationList section */
	};
	rootObject = 2C6584AF2482124C00CA6283 /* Project object */;
}
